lockfile_version: '1'
generated_at: '2026-05-28T14:30:23.152606+00:00'
apm_version: 0.15.0
dependencies:
  - repo_url: turtton/dotagents
    host: github.com
    resolved_commit: b0a3461a3eaebf9a61a39d2b7191beab5ee96cbe
    package_type: marketplace_plugin
    deployed_files:
      - .agents/skills/final-review
      - .agents/skills/git-commit
      - .claude/skills/final-review
      - .claude/skills/git-commit
    content_hash: sha256:80fa8d255c8161dc01f0fbc0701824dd228a578636fe746fb366168c5cad8942
