{
  "nodes": {
    "agent-skills-nix": {
      "inputs": {
        "home-manager": "home-manager",
        "nixpkgs": [
          "nixpkgs"
        ]
      },
      "locked": {
        "lastModified": 1783255035,
        "narHash": "sha256-csxkmV7a0zdhWi24Bz23/GQi1zOimCNTDFyS/ezm7sw=",
        "owner": "Kyure-A",
        "repo": "agent-skills-nix",
        "rev": "46337bfdd6ccfcc08766c933a02fff3338ffe30f",
        "type": "github"
      },
      "original": {
        "owner": "Kyure-A",
        "repo": "agent-skills-nix",
        "type": "github"
      }
    },
    "dotagents": {
      "flake": false,
      "locked": {
        "lastModified": 1782757200,
        "narHash": "sha256-JD5/BZTynQXCYKOY9LBYQSy8Q5cxbV0sUXo7ZwA3sJk=",
        "owner": "turtton",
        "repo": "dotagents",
        "rev": "226db4cd64f8ee44b57b5da39eafa3af87ea6b11",
        "type": "github"
      },
      "original": {
        "owner": "turtton",
        "repo": "dotagents",
        "type": "github"
      }
    },
    "home-manager": {
      "inputs": {
        "nixpkgs": [
          "agent-skills-nix",
          "nixpkgs"
        ]
      },
      "locked": {
        "lastModified": 1782702263,
        "narHash": "sha256-8/MG4Su7PhnynrmsVO61IeAfrK7GuUEu+E+gwbhy1QQ=",
        "owner": "nix-community",
        "repo": "home-manager",
        "rev": "789a35fbdeb3c46b260096daa0b321c11be527ea",
        "type": "github"
      },
      "original": {
        "owner": "nix-community",
        "repo": "home-manager",
        "type": "github"
      }
    },
    "nixpkgs": {
      "locked": {
        "lastModified": 1783224372,
        "narHash": "sha256-8i/87eeoqiGE4yOTjwSA3Eh/ziJRQEmd/unYU+K27sk=",
        "owner": "NixOS",
        "repo": "nixpkgs",
        "rev": "d407951447dcd00442e97087bf374aad70c04cea",
        "type": "github"
      },
      "original": {
        "owner": "NixOS",
        "ref": "nixos-unstable",
        "repo": "nixpkgs",
        "type": "github"
      }
    },
    "root": {
      "inputs": {
        "agent-skills-nix": "agent-skills-nix",
        "dotagents": "dotagents",
        "nixpkgs": "nixpkgs"
      }
    }
  },
  "root": "root",
  "version": 7
}
