{
  "nodes": {
    "agent-skills-nix": {
      "inputs": {
        "home-manager": "home-manager",
        "nixpkgs": [
          "nixpkgs"
        ]
      },
      "locked": {
        "lastModified": 1779957311,
        "narHash": "sha256-ay1wGiKQIGIcFpSxlutpoAlsPVerbVhDUXtmaDVLz+o=",
        "owner": "Kyure-A",
        "repo": "agent-skills-nix",
        "rev": "df7a6e0fa87655cf28369781232d153c1c7b55ca",
        "type": "github"
      },
      "original": {
        "owner": "Kyure-A",
        "repo": "agent-skills-nix",
        "type": "github"
      }
    },
    "dotagents": {
      "flake": false,
      "locked": {
        "lastModified": 1780054994,
        "narHash": "sha256-JTbZqvKk4gfyPhUs2X9RBdgXD09lIKKjQH0fWfFrGSk=",
        "owner": "turtton",
        "repo": "dotagents",
        "rev": "970a87d2a9dad6e6b0e5cb1bbfd2bb75def7a0b0",
        "type": "github"
      },
      "original": {
        "owner": "turtton",
        "repo": "dotagents",
        "type": "github"
      }
    },
    "home-manager": {
      "inputs": {
        "nixpkgs": [
          "agent-skills-nix",
          "nixpkgs"
        ]
      },
      "locked": {
        "lastModified": 1779678629,
        "narHash": "sha256-gHcIFg0mm+KFsg7iZQt67kni3+qR5U3PhEC9P7vKlZ4=",
        "owner": "nix-community",
        "repo": "home-manager",
        "rev": "612bbe3b405ad5f71d7bf9edecc04b678a061652",
        "type": "github"
      },
      "original": {
        "owner": "nix-community",
        "repo": "home-manager",
        "type": "github"
      }
    },
    "nixpkgs": {
      "locked": {
        "lastModified": 1779560665,
        "narHash": "sha256-tpyBcxPpcQb8ukyNF7DoCwfSY3VPsxHoYwj00Cayv5o=",
        "owner": "NixOS",
        "repo": "nixpkgs",
        "rev": "64c08a7ca051951c8eae34e3e3cb1e202fe36786",
        "type": "github"
      },
      "original": {
        "owner": "NixOS",
        "ref": "nixos-unstable",
        "repo": "nixpkgs",
        "type": "github"
      }
    },
    "root": {
      "inputs": {
        "agent-skills-nix": "agent-skills-nix",
        "dotagents": "dotagents",
        "nixpkgs": "nixpkgs"
      }
    }
  },
  "root": "root",
  "version": 7
}
